
Microsoft Visual Studio Solution File, Format Version 12.00
# Visual Studio Version 17
VisualStudioVersion = 17.0.31903.59
MinimumVisualStudioVersion = 10.0.40219.1
Project("{2150E333-8FDC-42A3-9474-1A3956D46DE8}") = "src", "src", "{827E0CD3-B72D-47B6-A68D-7590B98EB39B}"
EndProject
Project("{FAE04EC0-301F-11D3-BF4B-00C04F79EFBC}") = "AspireDemo.DataDispatcherFunction", "src\AspireDemo.DataDispatcherFunction\AspireDemo.DataDispatcherFunction.csproj", "{2E6ED96C-317C-4A34-A3CC-66C4F3C9AE31}"
EndProject
Project("{2150E333-8FDC-42A3-9474-1A3956D46DE8}") = "tests", "tests", "{0AB3BF05-4346-4AA6-1389-037BE0695223}"
EndProject
Project("{FAE04EC0-301F-11D3-BF4B-00C04F79EFBC}") = "AspireDemo.DataDispatcherFunction.Tests", "tests\AspireDemo.DataDispatcherFunction.Tests\AspireDemo.DataDispatcherFunction.Tests.csproj", "{E61268F5-3CA5-4058-9058-400E065297AC}"
EndProject
Global
	GlobalSection(SolutionConfigurationPlatforms) = preSolution
		Debug|Any CPU = Debug|Any CPU
		Debug|x64 = Debug|x64
		Debug|x86 = Debug|x86
		Release|Any CPU = Release|Any CPU
		Release|x64 = Release|x64
		Release|x86 = Release|x86
	EndGlobalSection
	GlobalSection(ProjectConfigurationPlatforms) = postSolution
		{2E6ED96C-317C-4A34-A3CC-66C4F3C9AE31}.Debug|Any CPU.ActiveCfg = Debug|Any CPU
		{2E6ED96C-317C-4A34-A3CC-66C4F3C9AE31}.Debug|Any CPU.Build.0 = Debug|Any CPU
		{2E6ED96C-317C-4A34-A3CC-66C4F3C9AE31}.Debug|x64.ActiveCfg = Debug|Any CPU
		{2E6ED96C-317C-4A34-A3CC-66C4F3C9AE31}.Debug|x64.Build.0 = Debug|Any CPU
		{2E6ED96C-317C-4A34-A3CC-66C4F3C9AE31}.Debug|x86.ActiveCfg = Debug|Any CPU
		{2E6ED96C-317C-4A34-A3CC-66C4F3C9AE31}.Debug|x86.Build.0 = Debug|Any CPU
		{2E6ED96C-317C-4A34-A3CC-66C4F3C9AE31}.Release|Any CPU.ActiveCfg = Release|Any CPU
		{2E6ED96C-317C-4A34-A3CC-66C4F3C9AE31}.Release|Any CPU.Build.0 = Release|Any CPU
		{2E6ED96C-317C-4A34-A3CC-66C4F3C9AE31}.Release|x64.ActiveCfg = Release|Any CPU
		{2E6ED96C-317C-4A34-A3CC-66C4F3C9AE31}.Release|x64.Build.0 = Release|Any CPU
		{2E6ED96C-317C-4A34-A3CC-66C4F3C9AE31}.Release|x86.ActiveCfg = Release|Any CPU
		{2E6ED96C-317C-4A34-A3CC-66C4F3C9AE31}.Release|x86.Build.0 = Release|Any CPU
		{E61268F5-3CA5-4058-9058-400E065297AC}.Debug|Any CPU.ActiveCfg = Debug|Any CPU
		{E61268F5-3CA5-4058-9058-400E065297AC}.Debug|Any CPU.Build.0 = Debug|Any CPU
		{E61268F5-3CA5-4058-9058-400E065297AC}.Debug|x64.ActiveCfg = Debug|Any CPU
		{E61268F5-3CA5-4058-9058-400E065297AC}.Debug|x64.Build.0 = Debug|Any CPU
		{E61268F5-3CA5-4058-9058-400E065297AC}.Debug|x86.ActiveCfg = Debug|Any CPU
		{E61268F5-3CA5-4058-9058-400E065297AC}.Debug|x86.Build.0 = Debug|Any CPU
		{E61268F5-3CA5-4058-9058-400E065297AC}.Release|Any CPU.ActiveCfg = Release|Any CPU
		{E61268F5-3CA5-4058-9058-400E065297AC}.Release|Any CPU.Build.0 = Release|Any CPU
		{E61268F5-3CA5-4058-9058-400E065297AC}.Release|x64.ActiveCfg = Release|Any CPU
		{E61268F5-3CA5-4058-9058-400E065297AC}.Release|x64.Build.0 = Release|Any CPU
		{E61268F5-3CA5-4058-9058-400E065297AC}.Release|x86.ActiveCfg = Release|Any CPU
		{E61268F5-3CA5-4058-9058-400E065297AC}.Release|x86.Build.0 = Release|Any CPU
	EndGlobalSection
	GlobalSection(SolutionProperties) = preSolution
		HideSolutionNode = FALSE
	EndGlobalSection
	GlobalSection(NestedProjects) = preSolution
		{2E6ED96C-317C-4A34-A3CC-66C4F3C9AE31} = {827E0CD3-B72D-47B6-A68D-7590B98EB39B}
		{E61268F5-3CA5-4058-9058-400E065297AC} = {0AB3BF05-4346-4AA6-1389-037BE0695223}
	EndGlobalSection
EndGlobal
